{
  "object": {
    "pins": [
      {
        "package": "Alamofire",
        "repositoryURL": "https://github.com/Alamofire/Alamofire.git",
        "state": {
          "branch": null,
          "revision": "f96b619bcb2383b43d898402283924b80e2c4bae",
          "version": "5.4.3"
        }
      },
      {
        "package": "CryptoSwift",
        "repositoryURL": "https://github.com/krzyzanowskim/CryptoSwift.git",
        "state": {
          "branch": null,
          "revision": "4e31051c63cc0ddf10a25cf5318856c510cf77f4",
          "version": "1.4.0"
        }
      },
      {
        "package": "MLFSupport",
        "repositoryURL": "https://github.com/mlfairy/sdk-support-spm",
        "state": {
          "branch": null,
          "revision": "03049a416427ad425df8e5a897a7974e89d6b5c6",
          "version": "0.0.12"
        }
      }
    ]
  },
  "version": 1
}
