// !$*UTF8*$!
{
	archiveVersion = 1;
	classes = {
	};
	objectVersion = 50;
	objects = {

/* Begin PBXBuildFile section */
		422F216822D6CDB8002F2463 /* MLFairy.framework in Frameworks */ = {isa = PBXBuildFile; fileRef = 422F215E22D6CDB8002F2463 /* MLFairy.framework */; };
		422F216D22D6CDB8002F2463 /* MLFairyTests.swift in Sources */ = {isa = PBXBuildFile; fileRef = 422F216C22D6CDB8002F2463 /* MLFairyTests.swift */; };
		422F216F22D6CDB8002F2463 /* MLFairy.h in Headers */ = {isa = PBXBuildFile; fileRef = 422F216122D6CDB8002F2463 /* MLFairy.h */; settings = {ATTRIBUTES = (Public, ); }; };
		422F217C22D6CEC5002F2463 /* MLFairy.swift in Sources */ = {isa = PBXBuildFile; fileRef = 422F217B22D6CEC5002F2463 /* MLFairy.swift */; };
		422F218822D7B135002F2463 /* MLFairyImpl.swift in Sources */ = {isa = PBXBuildFile; fileRef = 422F218722D7B135002F2463 /* MLFairyImpl.swift */; };
/* End PBXBuildFile section */

/* Begin PBXContainerItemProxy section */
		422F216922D6CDB8002F2463 /* PBXContainerItemProxy */ = {
			isa = PBXContainerItemProxy;
			containerPortal = 422F215522D6CDB8002F2463 /* Project object */;
			proxyType = 1;
			remoteGlobalIDString = 422F215D22D6CDB8002F2463;
			remoteInfo = MLFairy;
		};
/* End PBXContainerItemProxy section */

/* Begin PBXFileReference section */
		422F215E22D6CDB8002F2463 /* MLFairy.framework */ = {isa = PBXFileReference; explicitFileType = wrapper.framework; includeInIndex = 0; path = MLFairy.framework; sourceTree = BUILT_PRODUCTS_DIR; };
		422F216122D6CDB8002F2463 /* MLFairy.h */ = {isa = PBXFileReference; lastKnownFileType = sourcecode.c.h; path = MLFairy.h; sourceTree = "<group>"; };
		422F216222D6CDB8002F2463 /* Info.plist */ = {isa = PBXFileReference; lastKnownFileType = text.plist.xml; path = Info.plist; sourceTree = "<group>"; };
		422F216722D6CDB8002F2463 /* MLFairyTests.xctest */ = {isa = PBXFileReference; explicitFileType = wrapper.cfbundle; includeInIndex = 0; path = MLFairyTests.xctest; sourceTree = BUILT_PRODUCTS_DIR; };
		422F216C22D6CDB8002F2463 /* MLFairyTests.swift */ = {isa = PBXFileReference; lastKnownFileType = sourcecode.swift; path = MLFairyTests.swift; sourceTree = "<group>"; };
		422F216E22D6CDB8002F2463 /* Info.plist */ = {isa = PBXFileReference; lastKnownFileType = text.plist.xml; path = Info.plist; sourceTree = "<group>"; };
		422F217B22D6CEC5002F2463 /* MLFairy.swift */ = {isa = PBXFileReference; lastKnownFileType = sourcecode.swift; path = MLFairy.swift; sourceTree = "<group>"; };
		422F218722D7B135002F2463 /* MLFairyImpl.swift */ = {isa = PBXFileReference; lastKnownFileType = sourcecode.swift; path = MLFairyImpl.swift; sourceTree = "<group>"; };
/* End PBXFileReference section */

/* Begin PBXFrameworksBuildPhase section */
		422F215B22D6CDB8002F2463 /* Frameworks */ = {
			isa = PBXFrameworksBuildPhase;
			buildActionMask = 2147483647;
			files = (
			);
			runOnlyForDeploymentPostprocessing = 0;
		};
		422F216422D6CDB8002F2463 /* Frameworks */ = {
			isa = PBXFrameworksBuildPhase;
			buildActionMask = 2147483647;
			files = (
				422F216822D6CDB8002F2463 /* MLFairy.framework in Frameworks */,
			);
			runOnlyForDeploymentPostprocessing = 0;
		};
/* End PBXFrameworksBuildPhase section */

/* Begin PBXGroup section */
		422F215422D6CDB8002F2463 = {
			isa = PBXGroup;
			children = (
				422F216022D6CDB8002F2463 /* MLFairy */,
				422F216B22D6CDB8002F2463 /* MLFairyTests */,
				422F215F22D6CDB8002F2463 /* Products */,
			);
			sourceTree = "<group>";
		};
		422F215F22D6CDB8002F2463 /* Products */ = {
			isa = PBXGroup;
			children = (
				422F215E22D6CDB8002F2463 /* MLFairy.framework */,
				422F216722D6CDB8002F2463 /* MLFairyTests.xctest */,
			);
			name = Products;
			sourceTree = "<group>";
		};
		422F216022D6CDB8002F2463 /* MLFairy */ = {
			isa = PBXGroup;
			children = (
				422F216122D6CDB8002F2463 /* MLFairy.h */,
				422F216222D6CDB8002F2463 /* Info.plist */,
				422F217B22D6CEC5002F2463 /* MLFairy.swift */,
				422F218722D7B135002F2463 /* MLFairyImpl.swift */,
			);
			path = MLFairy;
			sourceTree = "<group>";
		};
		422F216B22D6CDB8002F2463 /* MLFairyTests */ = {
			isa = PBXGroup;
			children = (
				422F216C22D6CDB8002F2463 /* MLFairyTests.swift */,
				422F216E22D6CDB8002F2463 /* Info.plist */,
			);
			path = MLFairyTests;
			sourceTree = "<group>";
		};
/* End PBXGroup section */

/* Begin PBXHeadersBuildPhase section */
		422F215922D6CDB8002F2463 /* Headers */ = {
			isa = PBXHeadersBuildPhase;
			buildActionMask = 2147483647;
			files = (
				422F216F22D6CDB8002F2463 /* MLFairy.h in Headers */,
			);
			runOnlyForDeploymentPostprocessing = 0;
		};
/* End PBXHeadersBuildPhase section */

/* Begin PBXNativeTarget section */
		422F215D22D6CDB8002F2463 /* MLFairy */ = {
			isa = PBXNativeTarget;
			buildConfigurationList = 422F217222D6CDB8002F2463 /* Build configuration list for PBXNativeTarget "MLFairy" */;
			buildPhases = (
				422F215922D6CDB8002F2463 /* Headers */,
				422F215A22D6CDB8002F2463 /* Sources */,
				422F215B22D6CDB8002F2463 /* Frameworks */,
				422F215C22D6CDB8002F2463 /* Resources */,
			);
			buildRules = (
			);
			dependencies = (
			);
			name = MLFairy;
			productName = MLFairy;
			productReference = 422F215E22D6CDB8002F2463 /* MLFairy.framework */;
			productType = "com.apple.product-type.framework";
		};
		422F216622D6CDB8002F2463 /* MLFairyTests */ = {
			isa = PBXNativeTarget;
			buildConfigurationList = 422F217522D6CDB8002F2463 /* Build configuration list for PBXNativeTarget "MLFairyTests" */;
			buildPhases = (
				422F216322D6CDB8002F2463 /* Sources */,
				422F216422D6CDB8002F2463 /* Frameworks */,
				422F216522D6CDB8002F2463 /* Resources */,
			);
			buildRules = (
			);
			dependencies = (
				422F216A22D6CDB8002F2463 /* PBXTargetDependency */,
			);
			name = MLFairyTests;
			productName = MLFairyTests;
			productReference = 422F216722D6CDB8002F2463 /* MLFairyTests.xctest */;
			productType = "com.apple.product-type.bundle.unit-test";
		};
/* End PBXNativeTarget section */

/* Begin PBXProject section */
		422F215522D6CDB8002F2463 /* Project object */ = {
			isa = PBXProject;
			attributes = {
				LastSwiftUpdateCheck = 1020;
				LastUpgradeCheck = 1020;
				ORGANIZATIONNAME = MLFairy;
				TargetAttributes = {
					422F215D22D6CDB8002F2463 = {
						CreatedOnToolsVersion = 10.2.1;
						LastSwiftMigration = 1020;
					};
					422F216622D6CDB8002F2463 = {
						CreatedOnToolsVersion = 10.2.1;
					};
				};
			};
			buildConfigurationList = 422F215822D6CDB8002F2463 /* Build configuration list for PBXProject "MLFairy" */;
			compatibilityVersion = "Xcode 9.3";
			developmentRegion = en;
			hasScannedForEncodings = 0;
			knownRegions = (
				en,
			);
			mainGroup = 422F215422D6CDB8002F2463;
			productRefGroup = 422F215F22D6CDB8002F2463 /* Products */;
			projectDirPath = "";
			projectRoot = "";
			targets = (
				422F215D22D6CDB8002F2463 /* MLFairy */,
				422F216622D6CDB8002F2463 /* MLFairyTests */,
			);
		};
/* End PBXProject section */

/* Begin PBXResourcesBuildPhase section */
		422F215C22D6CDB8002F2463 /* Resources */ = {
			isa = PBXResourcesBuildPhase;
			buildActionMask = 2147483647;
			files = (
			);
			runOnlyForDeploymentPostprocessing = 0;
		};
		422F216522D6CDB8002F2463 /* Resources */ = {
			isa = PBXResourcesBuildPhase;
			buildActionMask = 2147483647;
			files = (
			);
			runOnlyForDeploymentPostprocessing = 0;
		};
/* End PBXResourcesBuildPhase section */

/* Begin PBXSourcesBuildPhase section */
		422F215A22D6CDB8002F2463 /* Sources */ = {
			isa = PBXSourcesBuildPhase;
			buildActionMask = 2147483647;
			files = (
				422F218822D7B135002F2463 /* MLFairyImpl.swift in Sources */,
				422F217C22D6CEC5002F2463 /* MLFairy.swift in Sources */,
			);
			runOnlyForDeploymentPostprocessing = 0;
		};
		422F216322D6CDB8002F2463 /* Sources */ = {
			isa = PBXSourcesBuildPhase;
			buildActionMask = 2147483647;
			files = (
				422F216D22D6CDB8002F2463 /* MLFairyTests.swift in Sources */,
			);
			runOnlyForDeploymentPostprocessing = 0;
		};
/* End PBXSourcesBuildPhase section */

/* Begin PBXTargetDependency section */
		422F216A22D6CDB8002F2463 /* PBXTargetDependency */ = {
			isa = PBXTargetDependency;
			target = 422F215D22D6CDB8002F2463 /* MLFairy */;
			targetProxy = 422F216922D6CDB8002F2463 /* PBXContainerItemProxy */;
		};
/* End PBXTargetDependency section */

/* Begin XCBuildConfiguration section */
		422F217022D6CDB8002F2463 /* Debug */ = {
			isa = XCBuildConfiguration;
			buildSettings = {
				ALWAYS_SEARCH_USER_PATHS = NO;
				CLANG_ANALYZER_NONNULL = YES;
				CLANG_ANALYZER_NUMBER_OBJECT_CONVERSION = YES_AGGRESSIVE;
				CLANG_CXX_LANGUAGE_STANDARD = "gnu++14";
				CLANG_CXX_LIBRARY = "libc++";
				CLANG_ENABLE_MODULES = YES;
				CLANG_ENABLE_OBJC_ARC = YES;
				CLANG_ENABLE_OBJC_WEAK = YES;
				CLANG_WARN_BLOCK_CAPTURE_AUTORELEASING = YES;
				CLANG_WARN_BOOL_CONVERSION = YES;
				CLANG_WARN_COMMA = YES;
				CLANG_WARN_CONSTANT_CONVERSION = YES;
				CLANG_WARN_DEPRECATED_OBJC_IMPLEMENTATIONS = YES;
				CLANG_WARN_DIRECT_OBJC_ISA_USAGE = YES_ERROR;
				CLANG_WARN_DOCUMENTATION_COMMENTS = YES;
				CLANG_WARN_EMPTY_BODY = YES;
				CLANG_WARN_ENUM_CONVERSION = YES;
				CLANG_WARN_INFINITE_RECURSION = YES;
				CLANG_WARN_INT_CONVERSION = YES;
				CLANG_WARN_NON_LITERAL_NULL_CONVERSION = YES;
				CLANG_WARN_OBJC_IMPLICIT_RETAIN_SELF = YES;
				CLANG_WARN_OBJC_LITERAL_CONVERSION = YES;
				CLANG_WARN_OBJC_ROOT_CLASS = YES_ERROR;
				CLANG_WARN_RANGE_LOOP_ANALYSIS = YES;
				CLANG_WARN_STRICT_PROTOTYPES = YES;
				CLANG_WARN_SUSPICIOUS_MOVE = YES;
				CLANG_WARN_UNGUARDED_AVAILABILITY = YES_AGGRESSIVE;
				CLANG_WARN_UNREACHABLE_CODE = YES;
				CLANG_WARN__DUPLICATE_METHOD_MATCH = YES;
				CODE_SIGN_IDENTITY = "iPhone Developer";
				COPY_PHASE_STRIP = NO;
				CURRENT_PROJECT_VERSION = 1;
				DEBUG_INFORMATION_FORMAT = dwarf;
				ENABLE_STRICT_OBJC_MSGSEND = YES;
				ENABLE_TESTABILITY = YES;
				GCC_C_LANGUAGE_STANDARD = gnu11;
				GCC_DYNAMIC_NO_PIC = NO;
				GCC_NO_COMMON_BLOCKS = YES;
				GCC_OPTIMIZATION_LEVEL = 0;
				GCC_PREPROCESSOR_DEFINITIONS = (
					"DEBUG=1",
					"$(inherited)",
				);
				GCC_WARN_64_TO_32_BIT_CONVERSION = YES;
				GCC_WARN_ABOUT_RETURN_TYPE = YES_ERROR;
				GCC_WARN_UNDECLARED_SELECTOR = YES;
				GCC_WARN_UNINITIALIZED_AUTOS = YES_AGGRESSIVE;
				GCC_WARN_UNUSED_FUNCTION = YES;
				GCC_WARN_UNUSED_VARIABLE = YES;
				IPHONEOS_DEPLOYMENT_TARGET = 12.2;
				MTL_ENABLE_DEBUG_INFO = INCLUDE_SOURCE;
				MTL_FAST_MATH = YES;
				ONLY_ACTIVE_ARCH = YES;
				SDKROOT = iphoneos;
				SWIFT_ACTIVE_COMPILATION_CONDITIONS = DEBUG;
				SWIFT_OPTIMIZATION_LEVEL = "-Onone";
				VERSIONING_SYSTEM = "apple-generic";
				VERSION_INFO_PREFIX = "";
			};
			name = Debug;
		};
		422F217122D6CDB8002F2463 /* Release */ = {
			isa = XCBuildConfiguration;
			buildSettings = {
				ALWAYS_SEARCH_USER_PATHS = NO;
				CLANG_ANALYZER_NONNULL = YES;
				CLANG_ANALYZER_NUMBER_OBJECT_CONVERSION = YES_AGGRESSIVE;
				CLANG_CXX_LANGUAGE_STANDARD = "gnu++14";
				CLANG_CXX_LIBRARY = "libc++";
				CLANG_ENABLE_MODULES = YES;
				CLANG_ENABLE_OBJC_ARC = YES;
				CLANG_ENABLE_OBJC_WEAK = YES;
				CLANG_WARN_BLOCK_CAPTURE_AUTORELEASING = YES;
				CLANG_WARN_BOOL_CONVERSION = YES;
				CLANG_WARN_COMMA = YES;
				CLANG_WARN_CONSTANT_CONVERSION = YES;
				CLANG_WARN_DEPRECATED_OBJC_IMPLEMENTATIONS = YES;
				CLANG_WARN_DIRECT_OBJC_ISA_USAGE = YES_ERROR;
				CLANG_WARN_DOCUMENTATION_COMMENTS = YES;
				CLANG_WARN_EMPTY_BODY = YES;
				CLANG_WARN_ENUM_CONVERSION = YES;
				CLANG_WARN_INFINITE_RECURSION = YES;
				CLANG_WARN_INT_CONVERSION = YES;
				CLANG_WARN_NON_LITERAL_NULL_CONVERSION = YES;
				CLANG_WARN_OBJC_IMPLICIT_RETAIN_SELF = YES;
				CLANG_WARN_OBJC_LITERAL_CONVERSION = YES;
				CLANG_WARN_OBJC_ROOT_CLASS = YES_ERROR;
				CLANG_WARN_RANGE_LOOP_ANALYSIS = YES;
				CLANG_WARN_STRICT_PROTOTYPES = YES;
				CLANG_WARN_SUSPICIOUS_MOVE = YES;
				CLANG_WARN_UNGUARDED_AVAILABILITY = YES_AGGRESSIVE;
				CLANG_WARN_UNREACHABLE_CODE = YES;
				CLANG_WARN__DUPLICATE_METHOD_MATCH = YES;
				CODE_SIGN_IDENTITY = "iPhone Developer";
				COPY_PHASE_STRIP = NO;
				CURRENT_PROJECT_VERSION = 1;
				DEBUG_INFORMATION_FORMAT = "dwarf-with-dsym";
				ENABLE_NS_ASSERTIONS = NO;
				ENABLE_STRICT_OBJC_MSGSEND = YES;
				GCC_C_LANGUAGE_STANDARD = gnu11;
				GCC_NO_COMMON_BLOCKS = YES;
				GCC_WARN_64_TO_32_BIT_CONVERSION = YES;
				GCC_WARN_ABOUT_RETURN_TYPE = YES_ERROR;
				GCC_WARN_UNDECLARED_SELECTOR = YES;
				GCC_WARN_UNINITIALIZED_AUTOS = YES_AGGRESSIVE;
				GCC_WARN_UNUSED_FUNCTION = YES;
				GCC_WARN_UNUSED_VARIABLE = YES;
				IPHONEOS_DEPLOYMENT_TARGET = 12.2;
				MTL_ENABLE_DEBUG_INFO = NO;
				MTL_FAST_MATH = YES;
				SDKROOT = iphoneos;
				SWIFT_COMPILATION_MODE = wholemodule;
				SWIFT_OPTIMIZATION_LEVEL = "-O";
				VALIDATE_PRODUCT = YES;
				VERSIONING_SYSTEM = "apple-generic";
				VERSION_INFO_PREFIX = "";
			};
			name = Release;
		};
		422F217322D6CDB8002F2463 /* Debug */ = {
			isa = XCBuildConfiguration;
			buildSettings = {
				CLANG_ENABLE_MODULES = YES;
				CODE_SIGN_IDENTITY = "";
				CODE_SIGN_STYLE = Automatic;
				DEFINES_MODULE = YES;
				DEVELOPMENT_TEAM = 3695BW8G7F;
				DYLIB_COMPATIBILITY_VERSION = 1;
				DYLIB_CURRENT_VERSION = 1;
				DYLIB_INSTALL_NAME_BASE = "@rpath";
				INFOPLIST_FILE = MLFairy/Info.plist;
				INSTALL_PATH = "$(LOCAL_LIBRARY_DIR)/Frameworks";
				LD_RUNPATH_SEARCH_PATHS = (
					"$(inherited)",
					"@executable_path/Frameworks",
					"@loader_path/Frameworks",
				);
				PRODUCT_BUNDLE_IDENTIFIER = com.mlfairy.MLFairy;
				PRODUCT_NAME = "$(TARGET_NAME:c99extidentifier)";
				SKIP_INSTALL = YES;
				SWIFT_OPTIMIZATION_LEVEL = "-Onone";
				SWIFT_VERSION = 5.0;
				TARGETED_DEVICE_FAMILY = "1,2";
			};
			name = Debug;
		};
		422F217422D6CDB8002F2463 /* Release */ = {
			isa = XCBuildConfiguration;
			buildSettings = {
				CLANG_ENABLE_MODULES = YES;
				CODE_SIGN_IDENTITY = "";
				CODE_SIGN_STYLE = Automatic;
				DEFINES_MODULE = YES;
				DEVELOPMENT_TEAM = 3695BW8G7F;
				DYLIB_COMPATIBILITY_VERSION = 1;
				DYLIB_CURRENT_VERSION = 1;
				DYLIB_INSTALL_NAME_BASE = "@rpath";
				INFOPLIST_FILE = MLFairy/Info.plist;
				INSTALL_PATH = "$(LOCAL_LIBRARY_DIR)/Frameworks";
				LD_RUNPATH_SEARCH_PATHS = (
					"$(inherited)",
					"@executable_path/Frameworks",
					"@loader_path/Frameworks",
				);
				PRODUCT_BUNDLE_IDENTIFIER = com.mlfairy.MLFairy;
				PRODUCT_NAME = "$(TARGET_NAME:c99extidentifier)";
				SKIP_INSTALL = YES;
				SWIFT_VERSION = 5.0;
				TARGETED_DEVICE_FAMILY = "1,2";
			};
			name = Release;
		};
		422F217622D6CDB8002F2463 /* Debug */ = {
			isa = XCBuildConfiguration;
			buildSettings = {
				ALWAYS_EMBED_SWIFT_STANDARD_LIBRARIES = YES;
				CODE_SIGN_STYLE = Automatic;
				DEVELOPMENT_TEAM = 3695BW8G7F;
				INFOPLIST_FILE = MLFairyTests/Info.plist;
				LD_RUNPATH_SEARCH_PATHS = (
					"$(inherited)",
					"@executable_path/Frameworks",
					"@loader_path/Frameworks",
				);
				PRODUCT_BUNDLE_IDENTIFIER = com.mlfairy.MLFairyTests;
				PRODUCT_NAME = "$(TARGET_NAME)";
				SWIFT_VERSION = 5.0;
				TARGETED_DEVICE_FAMILY = "1,2";
			};
			name = Debug;
		};
		422F217722D6CDB8002F2463 /* Release */ = {
			isa = XCBuildConfiguration;
			buildSettings = {
				ALWAYS_EMBED_SWIFT_STANDARD_LIBRARIES = YES;
				CODE_SIGN_STYLE = Automatic;
				DEVELOPMENT_TEAM = 3695BW8G7F;
				INFOPLIST_FILE = MLFairyTests/Info.plist;
				LD_RUNPATH_SEARCH_PATHS = (
					"$(inherited)",
					"@executable_path/Frameworks",
					"@loader_path/Frameworks",
				);
				PRODUCT_BUNDLE_IDENTIFIER = com.mlfairy.MLFairyTests;
				PRODUCT_NAME = "$(TARGET_NAME)";
				SWIFT_VERSION = 5.0;
				TARGETED_DEVICE_FAMILY = "1,2";
			};
			name = Release;
		};
/* End XCBuildConfiguration section */

/* Begin XCConfigurationList section */
		422F215822D6CDB8002F2463 /* Build configuration list for PBXProject "MLFairy" */ = {
			isa = XCConfigurationList;
			buildConfigurations = (
				422F217022D6CDB8002F2463 /* Debug */,
				422F217122D6CDB8002F2463 /* Release */,
			);
			defaultConfigurationIsVisible = 0;
			defaultConfigurationName = Release;
		};
		422F217222D6CDB8002F2463 /* Build configuration list for PBXNativeTarget "MLFairy" */ = {
			isa = XCConfigurationList;
			buildConfigurations = (
				422F217322D6CDB8002F2463 /* Debug */,
				422F217422D6CDB8002F2463 /* Release */,
			);
			defaultConfigurationIsVisible = 0;
			defaultConfigurationName = Release;
		};
		422F217522D6CDB8002F2463 /* Build configuration list for PBXNativeTarget "MLFairyTests" */ = {
			isa = XCConfigurationList;
			buildConfigurations = (
				422F217622D6CDB8002F2463 /* Debug */,
				422F217722D6CDB8002F2463 /* Release */,
			);
			defaultConfigurationIsVisible = 0;
			defaultConfigurationName = Release;
		};
/* End XCConfigurationList section */
	};
	rootObject = 422F215522D6CDB8002F2463 /* Project object */;
}
