// !$*UTF8*$!
{
	archiveVersion = 1;
	classes = {
	};
	objectVersion = 50;
	objects = {

/* Begin PBXBuildFile section */
		42005F2D2316E90400C7EF59 /* Alamofire.framework in Frameworks */ = {isa = PBXBuildFile; fileRef = 42005F2B2316E85600C7EF59 /* Alamofire.framework */; };
		42005F2E2316E90400C7EF59 /* Alamofire.framework in Embed Frameworks */ = {isa = PBXBuildFile; fileRef = 42005F2B2316E85600C7EF59 /* Alamofire.framework */; settings = {ATTRIBUTES = (CodeSignOnCopy, RemoveHeadersOnCopy, ); }; };
		422F214322D6CBD8002F2463 /* AppDelegate.swift in Sources */ = {isa = PBXBuildFile; fileRef = 422F214222D6CBD8002F2463 /* AppDelegate.swift */; };
		422F214522D6CBD8002F2463 /* ViewController.swift in Sources */ = {isa = PBXBuildFile; fileRef = 422F214422D6CBD8002F2463 /* ViewController.swift */; };
		422F214822D6CBD8002F2463 /* Main.storyboard in Resources */ = {isa = PBXBuildFile; fileRef = 422F214622D6CBD8002F2463 /* Main.storyboard */; };
		422F214A22D6CBD9002F2463 /* Assets.xcassets in Resources */ = {isa = PBXBuildFile; fileRef = 422F214922D6CBD9002F2463 /* Assets.xcassets */; };
		422F214D22D6CBD9002F2463 /* LaunchScreen.storyboard in Resources */ = {isa = PBXBuildFile; fileRef = 422F214B22D6CBD9002F2463 /* LaunchScreen.storyboard */; };
		422F218622D79F56002F2463 /* HealthySnacks.mlmodel in Sources */ = {isa = PBXBuildFile; fileRef = 422F218522D79F56002F2463 /* HealthySnacks.mlmodel */; };
		42E6523823203547003BB662 /* FBLPromises.framework in Frameworks */ = {isa = PBXBuildFile; fileRef = 42E652352320353B003BB662 /* FBLPromises.framework */; };
		42E6523923203547003BB662 /* FBLPromises.framework in Embed Frameworks */ = {isa = PBXBuildFile; fileRef = 42E652352320353B003BB662 /* FBLPromises.framework */; settings = {ATTRIBUTES = (CodeSignOnCopy, RemoveHeadersOnCopy, ); }; };
		42E6523A23203547003BB662 /* Promises.framework in Frameworks */ = {isa = PBXBuildFile; fileRef = 42E652342320353B003BB662 /* Promises.framework */; };
		42E6523B23203547003BB662 /* Promises.framework in Embed Frameworks */ = {isa = PBXBuildFile; fileRef = 42E652342320353B003BB662 /* Promises.framework */; settings = {ATTRIBUTES = (CodeSignOnCopy, RemoveHeadersOnCopy, ); }; };
		42E652602323578F003BB662 /* MLFairy.framework in Frameworks */ = {isa = PBXBuildFile; fileRef = 42E6525F2323578F003BB662 /* MLFairy.framework */; };
		42E652612323578F003BB662 /* MLFairy.framework in Embed Frameworks */ = {isa = PBXBuildFile; fileRef = 42E6525F2323578F003BB662 /* MLFairy.framework */; settings = {ATTRIBUTES = (CodeSignOnCopy, RemoveHeadersOnCopy, ); }; };
/* End PBXBuildFile section */

/* Begin PBXCopyFilesBuildPhase section */
		42005F272316E75A00C7EF59 /* Embed Frameworks */ = {
			isa = PBXCopyFilesBuildPhase;
			buildActionMask = 2147483647;
			dstPath = "";
			dstSubfolderSpec = 10;
			files = (
				42E6523B23203547003BB662 /* Promises.framework in Embed Frameworks */,
				42E652612323578F003BB662 /* MLFairy.framework in Embed Frameworks */,
				42E6523923203547003BB662 /* FBLPromises.framework in Embed Frameworks */,
				42005F2E2316E90400C7EF59 /* Alamofire.framework in Embed Frameworks */,
			);
			name = "Embed Frameworks";
			runOnlyForDeploymentPostprocessing = 0;
		};
/* End PBXCopyFilesBuildPhase section */

/* Begin PBXFileReference section */
		42005F2B2316E85600C7EF59 /* Alamofire.framework */ = {isa = PBXFileReference; lastKnownFileType = wrapper.framework; name = Alamofire.framework; path = ../MLFairy/Carthage/Build/iOS/Alamofire.framework; sourceTree = "<group>"; };
		422F213F22D6CBD8002F2463 /* MLFairyApp.iOS.app */ = {isa = PBXFileReference; explicitFileType = wrapper.application; includeInIndex = 0; path = MLFairyApp.iOS.app; sourceTree = BUILT_PRODUCTS_DIR; };
		422F214222D6CBD8002F2463 /* AppDelegate.swift */ = {isa = PBXFileReference; lastKnownFileType = sourcecode.swift; path = AppDelegate.swift; sourceTree = "<group>"; };
		422F214422D6CBD8002F2463 /* ViewController.swift */ = {isa = PBXFileReference; lastKnownFileType = sourcecode.swift; path = ViewController.swift; sourceTree = "<group>"; };
		422F214722D6CBD8002F2463 /* Base */ = {isa = PBXFileReference; lastKnownFileType = file.storyboard; name = Base; path = Base.lproj/Main.storyboard; sourceTree = "<group>"; };
		422F214922D6CBD9002F2463 /* Assets.xcassets */ = {isa = PBXFileReference; lastKnownFileType = folder.assetcatalog; path = Assets.xcassets; sourceTree = "<group>"; };
		422F214C22D6CBD9002F2463 /* Base */ = {isa = PBXFileReference; lastKnownFileType = file.storyboard; name = Base; path = Base.lproj/LaunchScreen.storyboard; sourceTree = "<group>"; };
		422F214E22D6CBD9002F2463 /* Info.plist */ = {isa = PBXFileReference; lastKnownFileType = text.plist.xml; path = Info.plist; sourceTree = "<group>"; };
		422F218522D79F56002F2463 /* HealthySnacks.mlmodel */ = {isa = PBXFileReference; lastKnownFileType = file.mlmodel; path = HealthySnacks.mlmodel; sourceTree = "<group>"; };
		42E652342320353B003BB662 /* Promises.framework */ = {isa = PBXFileReference; lastKnownFileType = wrapper.framework; name = Promises.framework; path = ../MLFairy/Carthage/Build/iOS/Promises.framework; sourceTree = "<group>"; };
		42E652352320353B003BB662 /* FBLPromises.framework */ = {isa = PBXFileReference; lastKnownFileType = wrapper.framework; name = FBLPromises.framework; path = ../MLFairy/Carthage/Build/iOS/FBLPromises.framework; sourceTree = "<group>"; };
		42E6525F2323578F003BB662 /* MLFairy.framework */ = {isa = PBXFileReference; explicitFileType = wrapper.framework; path = MLFairy.framework; sourceTree = BUILT_PRODUCTS_DIR; };
/* End PBXFileReference section */

/* Begin PBXFrameworksBuildPhase section */
		422F213C22D6CBD8002F2463 /* Frameworks */ = {
			isa = PBXFrameworksBuildPhase;
			buildActionMask = 2147483647;
			files = (
				42E6523A23203547003BB662 /* Promises.framework in Frameworks */,
				42E652602323578F003BB662 /* MLFairy.framework in Frameworks */,
				42E6523823203547003BB662 /* FBLPromises.framework in Frameworks */,
				42005F2D2316E90400C7EF59 /* Alamofire.framework in Frameworks */,
			);
			runOnlyForDeploymentPostprocessing = 0;
		};
/* End PBXFrameworksBuildPhase section */

/* Begin PBXGroup section */
		422F213622D6CBD8002F2463 = {
			isa = PBXGroup;
			children = (
				42E6525F2323578F003BB662 /* MLFairy.framework */,
				422F214122D6CBD8002F2463 /* MLFairyApp.iOS */,
				422F214022D6CBD8002F2463 /* Products */,
				422F217822D6CE2E002F2463 /* Frameworks */,
			);
			sourceTree = "<group>";
		};
		422F214022D6CBD8002F2463 /* Products */ = {
			isa = PBXGroup;
			children = (
				422F213F22D6CBD8002F2463 /* MLFairyApp.iOS.app */,
			);
			name = Products;
			sourceTree = "<group>";
		};
		422F214122D6CBD8002F2463 /* MLFairyApp.iOS */ = {
			isa = PBXGroup;
			children = (
				422F218522D79F56002F2463 /* HealthySnacks.mlmodel */,
				422F214222D6CBD8002F2463 /* AppDelegate.swift */,
				422F214422D6CBD8002F2463 /* ViewController.swift */,
				422F214622D6CBD8002F2463 /* Main.storyboard */,
				422F214922D6CBD9002F2463 /* Assets.xcassets */,
				422F214B22D6CBD9002F2463 /* LaunchScreen.storyboard */,
				422F214E22D6CBD9002F2463 /* Info.plist */,
			);
			path = MLFairyApp.iOS;
			sourceTree = "<group>";
		};
		422F217822D6CE2E002F2463 /* Frameworks */ = {
			isa = PBXGroup;
			children = (
				42E652352320353B003BB662 /* FBLPromises.framework */,
				42E652342320353B003BB662 /* Promises.framework */,
				42005F2B2316E85600C7EF59 /* Alamofire.framework */,
			);
			name = Frameworks;
			sourceTree = "<group>";
		};
/* End PBXGroup section */

/* Begin PBXNativeTarget section */
		422F213E22D6CBD8002F2463 /* MLFairyApp.iOS */ = {
			isa = PBXNativeTarget;
			buildConfigurationList = 422F215122D6CBD9002F2463 /* Build configuration list for PBXNativeTarget "MLFairyApp.iOS" */;
			buildPhases = (
				422F213B22D6CBD8002F2463 /* Sources */,
				422F213C22D6CBD8002F2463 /* Frameworks */,
				422F213D22D6CBD8002F2463 /* Resources */,
				42005F272316E75A00C7EF59 /* Embed Frameworks */,
			);
			buildRules = (
			);
			dependencies = (
			);
			name = MLFairyApp.iOS;
			productName = MLFairyApp.iOS;
			productReference = 422F213F22D6CBD8002F2463 /* MLFairyApp.iOS.app */;
			productType = "com.apple.product-type.application";
		};
/* End PBXNativeTarget section */

/* Begin PBXProject section */
		422F213722D6CBD8002F2463 /* Project object */ = {
			isa = PBXProject;
			attributes = {
				LastSwiftUpdateCheck = 1020;
				LastUpgradeCheck = 1020;
				ORGANIZATIONNAME = MLFairy;
				TargetAttributes = {
					422F213E22D6CBD8002F2463 = {
						CreatedOnToolsVersion = 10.2.1;
					};
				};
			};
			buildConfigurationList = 422F213A22D6CBD8002F2463 /* Build configuration list for PBXProject "MLFairyApp.iOS" */;
			compatibilityVersion = "Xcode 9.3";
			developmentRegion = en;
			hasScannedForEncodings = 0;
			knownRegions = (
				en,
				Base,
			);
			mainGroup = 422F213622D6CBD8002F2463;
			productRefGroup = 422F214022D6CBD8002F2463 /* Products */;
			projectDirPath = "";
			projectRoot = "";
			targets = (
				422F213E22D6CBD8002F2463 /* MLFairyApp.iOS */,
			);
		};
/* End PBXProject section */

/* Begin PBXResourcesBuildPhase section */
		422F213D22D6CBD8002F2463 /* Resources */ = {
			isa = PBXResourcesBuildPhase;
			buildActionMask = 2147483647;
			files = (
				422F214D22D6CBD9002F2463 /* LaunchScreen.storyboard in Resources */,
				422F214A22D6CBD9002F2463 /* Assets.xcassets in Resources */,
				422F214822D6CBD8002F2463 /* Main.storyboard in Resources */,
			);
			runOnlyForDeploymentPostprocessing = 0;
		};
/* End PBXResourcesBuildPhase section */

/* Begin PBXSourcesBuildPhase section */
		422F213B22D6CBD8002F2463 /* Sources */ = {
			isa = PBXSourcesBuildPhase;
			buildActionMask = 2147483647;
			files = (
				422F214522D6CBD8002F2463 /* ViewController.swift in Sources */,
				422F214322D6CBD8002F2463 /* AppDelegate.swift in Sources */,
				422F218622D79F56002F2463 /* HealthySnacks.mlmodel in Sources */,
			);
			runOnlyForDeploymentPostprocessing = 0;
		};
/* End PBXSourcesBuildPhase section */

/* Begin PBXVariantGroup section */
		422F214622D6CBD8002F2463 /* Main.storyboard */ = {
			isa = PBXVariantGroup;
			children = (
				422F214722D6CBD8002F2463 /* Base */,
			);
			name = Main.storyboard;
			sourceTree = "<group>";
		};
		422F214B22D6CBD9002F2463 /* LaunchScreen.storyboard */ = {
			isa = PBXVariantGroup;
			children = (
				422F214C22D6CBD9002F2463 /* Base */,
			);
			name = LaunchScreen.storyboard;
			sourceTree = "<group>";
		};
/* End PBXVariantGroup section */

/* Begin XCBuildConfiguration section */
		422F214F22D6CBD9002F2463 /* Debug */ = {
			isa = XCBuildConfiguration;
			buildSettings = {
				ALWAYS_SEARCH_USER_PATHS = NO;
				CLANG_ANALYZER_NONNULL = YES;
				CLANG_ANALYZER_NUMBER_OBJECT_CONVERSION = YES_AGGRESSIVE;
				CLANG_CXX_LANGUAGE_STANDARD = "gnu++14";
				CLANG_CXX_LIBRARY = "libc++";
				CLANG_ENABLE_MODULES = YES;
				CLANG_ENABLE_OBJC_ARC = YES;
				CLANG_ENABLE_OBJC_WEAK = YES;
				CLANG_WARN_BLOCK_CAPTURE_AUTORELEASING = YES;
				CLANG_WARN_BOOL_CONVERSION = YES;
				CLANG_WARN_COMMA = YES;
				CLANG_WARN_CONSTANT_CONVERSION = YES;
				CLANG_WARN_DEPRECATED_OBJC_IMPLEMENTATIONS = YES;
				CLANG_WARN_DIRECT_OBJC_ISA_USAGE = YES_ERROR;
				CLANG_WARN_DOCUMENTATION_COMMENTS = YES;
				CLANG_WARN_EMPTY_BODY = YES;
				CLANG_WARN_ENUM_CONVERSION = YES;
				CLANG_WARN_INFINITE_RECURSION = YES;
				CLANG_WARN_INT_CONVERSION = YES;
				CLANG_WARN_NON_LITERAL_NULL_CONVERSION = YES;
				CLANG_WARN_OBJC_IMPLICIT_RETAIN_SELF = YES;
				CLANG_WARN_OBJC_LITERAL_CONVERSION = YES;
				CLANG_WARN_OBJC_ROOT_CLASS = YES_ERROR;
				CLANG_WARN_RANGE_LOOP_ANALYSIS = YES;
				CLANG_WARN_STRICT_PROTOTYPES = YES;
				CLANG_WARN_SUSPICIOUS_MOVE = YES;
				CLANG_WARN_UNGUARDED_AVAILABILITY = YES_AGGRESSIVE;
				CLANG_WARN_UNREACHABLE_CODE = YES;
				CLANG_WARN__DUPLICATE_METHOD_MATCH = YES;
				CODE_SIGN_IDENTITY = "iPhone Developer";
				COPY_PHASE_STRIP = NO;
				DEBUG_INFORMATION_FORMAT = dwarf;
				ENABLE_STRICT_OBJC_MSGSEND = YES;
				ENABLE_TESTABILITY = YES;
				GCC_C_LANGUAGE_STANDARD = gnu11;
				GCC_DYNAMIC_NO_PIC = NO;
				GCC_NO_COMMON_BLOCKS = YES;
				GCC_OPTIMIZATION_LEVEL = 0;
				GCC_PREPROCESSOR_DEFINITIONS = (
					"DEBUG=1",
					"$(inherited)",
				);
				GCC_WARN_64_TO_32_BIT_CONVERSION = YES;
				GCC_WARN_ABOUT_RETURN_TYPE = YES_ERROR;
				GCC_WARN_UNDECLARED_SELECTOR = YES;
				GCC_WARN_UNINITIALIZED_AUTOS = YES_AGGRESSIVE;
				GCC_WARN_UNUSED_FUNCTION = YES;
				GCC_WARN_UNUSED_VARIABLE = YES;
				IPHONEOS_DEPLOYMENT_TARGET = 12.2;
				MTL_ENABLE_DEBUG_INFO = INCLUDE_SOURCE;
				MTL_FAST_MATH = YES;
				ONLY_ACTIVE_ARCH = YES;
				SDKROOT = iphoneos;
				SWIFT_ACTIVE_COMPILATION_CONDITIONS = DEBUG;
				SWIFT_OPTIMIZATION_LEVEL = "-Onone";
			};
			name = Debug;
		};
		422F215022D6CBD9002F2463 /* Release */ = {
			isa = XCBuildConfiguration;
			buildSettings = {
				ALWAYS_SEARCH_USER_PATHS = NO;
				CLANG_ANALYZER_NONNULL = YES;
				CLANG_ANALYZER_NUMBER_OBJECT_CONVERSION = YES_AGGRESSIVE;
				CLANG_CXX_LANGUAGE_STANDARD = "gnu++14";
				CLANG_CXX_LIBRARY = "libc++";
				CLANG_ENABLE_MODULES = YES;
				CLANG_ENABLE_OBJC_ARC = YES;
				CLANG_ENABLE_OBJC_WEAK = YES;
				CLANG_WARN_BLOCK_CAPTURE_AUTORELEASING = YES;
				CLANG_WARN_BOOL_CONVERSION = YES;
				CLANG_WARN_COMMA = YES;
				CLANG_WARN_CONSTANT_CONVERSION = YES;
				CLANG_WARN_DEPRECATED_OBJC_IMPLEMENTATIONS = YES;
				CLANG_WARN_DIRECT_OBJC_ISA_USAGE = YES_ERROR;
				CLANG_WARN_DOCUMENTATION_COMMENTS = YES;
				CLANG_WARN_EMPTY_BODY = YES;
				CLANG_WARN_ENUM_CONVERSION = YES;
				CLANG_WARN_INFINITE_RECURSION = YES;
				CLANG_WARN_INT_CONVERSION = YES;
				CLANG_WARN_NON_LITERAL_NULL_CONVERSION = YES;
				CLANG_WARN_OBJC_IMPLICIT_RETAIN_SELF = YES;
				CLANG_WARN_OBJC_LITERAL_CONVERSION = YES;
				CLANG_WARN_OBJC_ROOT_CLASS = YES_ERROR;
				CLANG_WARN_RANGE_LOOP_ANALYSIS = YES;
				CLANG_WARN_STRICT_PROTOTYPES = YES;
				CLANG_WARN_SUSPICIOUS_MOVE = YES;
				CLANG_WARN_UNGUARDED_AVAILABILITY = YES_AGGRESSIVE;
				CLANG_WARN_UNREACHABLE_CODE = YES;
				CLANG_WARN__DUPLICATE_METHOD_MATCH = YES;
				CODE_SIGN_IDENTITY = "iPhone Developer";
				COPY_PHASE_STRIP = NO;
				DEBUG_INFORMATION_FORMAT = "dwarf-with-dsym";
				ENABLE_NS_ASSERTIONS = NO;
				ENABLE_STRICT_OBJC_MSGSEND = YES;
				GCC_C_LANGUAGE_STANDARD = gnu11;
				GCC_NO_COMMON_BLOCKS = YES;
				GCC_WARN_64_TO_32_BIT_CONVERSION = YES;
				GCC_WARN_ABOUT_RETURN_TYPE = YES_ERROR;
				GCC_WARN_UNDECLARED_SELECTOR = YES;
				GCC_WARN_UNINITIALIZED_AUTOS = YES_AGGRESSIVE;
				GCC_WARN_UNUSED_FUNCTION = YES;
				GCC_WARN_UNUSED_VARIABLE = YES;
				IPHONEOS_DEPLOYMENT_TARGET = 12.2;
				MTL_ENABLE_DEBUG_INFO = NO;
				MTL_FAST_MATH = YES;
				SDKROOT = iphoneos;
				SWIFT_COMPILATION_MODE = wholemodule;
				SWIFT_OPTIMIZATION_LEVEL = "-O";
				VALIDATE_PRODUCT = YES;
			};
			name = Release;
		};
		422F215222D6CBD9002F2463 /* Debug */ = {
			isa = XCBuildConfiguration;
			buildSettings = {
				ASSETCATALOG_COMPILER_APPICON_NAME = AppIcon;
				CODE_SIGN_STYLE = Automatic;
				DEVELOPMENT_TEAM = 3695BW8G7F;
				FRAMEWORK_SEARCH_PATHS = "$(PROJECT_DIR)/../MLFairy/Carthage/Build/iOS";
				INFOPLIST_FILE = MLFairyApp.iOS/Info.plist;
				LD_RUNPATH_SEARCH_PATHS = (
					"$(inherited)",
					"@executable_path/Frameworks",
				);
				PRODUCT_BUNDLE_IDENTIFIER = "com.mlfairy.MLFairyApp-iOS";
				PRODUCT_NAME = "$(TARGET_NAME)";
				SWIFT_VERSION = 5.0;
				TARGETED_DEVICE_FAMILY = "1,2";
			};
			name = Debug;
		};
		422F215322D6CBD9002F2463 /* Release */ = {
			isa = XCBuildConfiguration;
			buildSettings = {
				ASSETCATALOG_COMPILER_APPICON_NAME = AppIcon;
				CODE_SIGN_STYLE = Automatic;
				DEVELOPMENT_TEAM = 3695BW8G7F;
				FRAMEWORK_SEARCH_PATHS = "$(PROJECT_DIR)/../MLFairy/Carthage/Build/iOS";
				INFOPLIST_FILE = MLFairyApp.iOS/Info.plist;
				LD_RUNPATH_SEARCH_PATHS = (
					"$(inherited)",
					"@executable_path/Frameworks",
				);
				PRODUCT_BUNDLE_IDENTIFIER = "com.mlfairy.MLFairyApp-iOS";
				PRODUCT_NAME = "$(TARGET_NAME)";
				SWIFT_VERSION = 5.0;
				TARGETED_DEVICE_FAMILY = "1,2";
			};
			name = Release;
		};
/* End XCBuildConfiguration section */

/* Begin XCConfigurationList section */
		422F213A22D6CBD8002F2463 /* Build configuration list for PBXProject "MLFairyApp.iOS" */ = {
			isa = XCConfigurationList;
			buildConfigurations = (
				422F214F22D6CBD9002F2463 /* Debug */,
				422F215022D6CBD9002F2463 /* Release */,
			);
			defaultConfigurationIsVisible = 0;
			defaultConfigurationName = Release;
		};
		422F215122D6CBD9002F2463 /* Build configuration list for PBXNativeTarget "MLFairyApp.iOS" */ = {
			isa = XCConfigurationList;
			buildConfigurations = (
				422F215222D6CBD9002F2463 /* Debug */,
				422F215322D6CBD9002F2463 /* Release */,
			);
			defaultConfigurationIsVisible = 0;
			defaultConfigurationName = Release;
		};
/* End XCConfigurationList section */
	};
	rootObject = 422F213722D6CBD8002F2463 /* Project object */;
}
